// !$*UTF8*$!
{
	archiveVersion = 1;
	classes = {
	};
	objectVersion = 46;
	objects = {

/* Begin PBXBuildFile section */
		F08802E41C6BB09400964924 /* AppDelegate.swift in Sources */ = {isa = PBXBuildFile; fileRef = F08802E31C6BB09400964924 /* AppDelegate.swift */; };
		F08802E91C6BB09400964924 /* Main.storyboard in Resources */ = {isa = PBXBuildFile; fileRef = F08802E71C6BB09400964924 /* Main.storyboard */; };
		F08802EB1C6BB09400964924 /* Assets.xcassets in Resources */ = {isa = PBXBuildFile; fileRef = F08802EA1C6BB09400964924 /* Assets.xcassets */; };
		F08802EE1C6BB09400964924 /* LaunchScreen.storyboard in Resources */ = {isa = PBXBuildFile; fileRef = F08802EC1C6BB09400964924 /* LaunchScreen.storyboard */; };
		F08802F71C6BB13300964924 /* HappinessViewController.swift in Sources */ = {isa = PBXBuildFile; fileRef = F08802F61C6BB13300964924 /* HappinessViewController.swift */; };
		F0D8859C1C6BB4E900B78A5B /* FaceView.swift in Sources */ = {isa = PBXBuildFile; fileRef = F0D8859B1C6BB4E900B78A5B /* FaceView.swift */; };
/* End PBXBuildFile section */

/* Begin PBXFileReference section */
		F08802E01C6BB09400964924 /* Happiness.app */ = {isa = PBXFileReference; explicitFileType = wrapper.application; includeInIndex = 0; path = Happiness.app; sourceTree = BUILT_PRODUCTS_DIR; };
		F08802E31C6BB09400964924 /* AppDelegate.swift */ = {isa = PBXFileReference; lastKnownFileType = sourcecode.swift; path = AppDelegate.swift; sourceTree = "<group>"; };
		F08802E81C6BB09400964924 /* Base */ = {isa = PBXFileReference; lastKnownFileType = file.storyboard; name = Base; path = Base.lproj/Main.storyboard; sourceTree = "<group>"; };
		F08802EA1C6BB09400964924 /* Assets.xcassets */ = {isa = PBXFileReference; lastKnownFileType = folder.assetcatalog; path = Assets.xcassets; sourceTree = "<group>"; };
		F08802ED1C6BB09400964924 /* Base */ = {isa = PBXFileReference; lastKnownFileType = file.storyboard; name = Base; path = Base.lproj/LaunchScreen.storyboard; sourceTree = "<group>"; };
		F08802EF1C6BB09400964924 /* Info.plist */ = {isa = PBXFileReference; lastKnownFileType = text.plist.xml; path = Info.plist; sourceTree = "<group>"; };
		F08802F61C6BB13300964924 /* HappinessViewController.swift */ = {isa = PBXFileReference; fileEncoding = 4; lastKnownFileType = sourcecode.swift; path = HappinessViewController.swift; sourceTree = "<group>"; };
		F0D8859B1C6BB4E900B78A5B /* FaceView.swift */ = {isa = PBXFileReference; fileEncoding = 4; lastKnownFileType = sourcecode.swift; name = FaceView.swift; path = Happiness/FaceView.swift; sourceTree = "<group>"; };
/* End PBXFileReference section */

/* Begin PBXFrameworksBuildPhase section */
		F08802DD1C6BB09400964924 /* Frameworks */ = {
			isa = PBXFrameworksBuildPhase;
			buildActionMask = 2147483647;
			files = (
			);
			runOnlyForDeploymentPostprocessing = 0;
		};
/* End PBXFrameworksBuildPhase section */

/* Begin PBXGroup section */
		F08802D71C6BB09400964924 = {
			isa = PBXGroup;
			children = (
				F08802F61C6BB13300964924 /* HappinessViewController.swift */,
				F0D8859B1C6BB4E900B78A5B /* FaceView.swift */,
				F08802E71C6BB09400964924 /* Main.storyboard */,
				F08802E21C6BB09400964924 /* Happiness */,
				F08802E11C6BB09400964924 /* Products */,
			);
			sourceTree = "<group>";
		};
		F08802E11C6BB09400964924 /* Products */ = {
			isa = PBXGroup;
			children = (
				F08802E01C6BB09400964924 /* Happiness.app */,
			);
			name = Products;
			sourceTree = "<group>";
		};
		F08802E21C6BB09400964924 /* Happiness */ = {
			isa = PBXGroup;
			children = (
				F08802F51C6BB0B400964924 /* Supportive Files */,
			);
			path = Happiness;
			sourceTree = "<group>";
		};
		F08802F51C6BB0B400964924 /* Supportive Files */ = {
			isa = PBXGroup;
			children = (
				F08802E31C6BB09400964924 /* AppDelegate.swift */,
				F08802EA1C6BB09400964924 /* Assets.xcassets */,
				F08802EC1C6BB09400964924 /* LaunchScreen.storyboard */,
				F08802EF1C6BB09400964924 /* Info.plist */,
			);
			name = "Supportive Files";
			sourceTree = "<group>";
		};
/* End PBXGroup section */

/* Begin PBXNativeTarget section */
		F08802DF1C6BB09400964924 /* Happiness */ = {
			isa = PBXNativeTarget;
			buildConfigurationList = F08802F21C6BB09400964924 /* Build configuration list for PBXNativeTarget "Happiness" */;
			buildPhases = (
				F08802DC1C6BB09400964924 /* Sources */,
				F08802DD1C6BB09400964924 /* Frameworks */,
				F08802DE1C6BB09400964924 /* Resources */,
			);
			buildRules = (
			);
			dependencies = (
			);
			name = Happiness;
			productName = Happiness;
			productReference = F08802E01C6BB09400964924 /* Happiness.app */;
			productType = "com.apple.product-type.application";
		};
/* End PBXNativeTarget section */

/* Begin PBXProject section */
		F08802D81C6BB09400964924 /* Project object */ = {
			isa = PBXProject;
			attributes = {
				LastSwiftUpdateCheck = 0720;
				LastUpgradeCheck = 0900;
				ORGANIZATIONNAME = "Andrea Rumley";
				TargetAttributes = {
					F08802DF1C6BB09400964924 = {
						CreatedOnToolsVersion = 7.2.1;
						DevelopmentTeam = 9A65EREMC5;
					};
				};
			};
			buildConfigurationList = F08802DB1C6BB09400964924 /* Build configuration list for PBXProject "Happiness" */;
			compatibilityVersion = "Xcode 3.2";
			developmentRegion = English;
			hasScannedForEncodings = 0;
			knownRegions = (
				en,
				Base,
			);
			mainGroup = F08802D71C6BB09400964924;
			productRefGroup = F08802E11C6BB09400964924 /* Products */;
			projectDirPath = "";
			projectRoot = "";
			targets = (
				F08802DF1C6BB09400964924 /* Happiness */,
			);
		};
/* End PBXProject section */

/* Begin PBXResourcesBuildPhase section */
		F08802DE1C6BB09400964924 /* Resources */ = {
			isa = PBXResourcesBuildPhase;
			buildActionMask = 2147483647;
			files = (
				F08802EE1C6BB09400964924 /* LaunchScreen.storyboard in Resources */,
				F08802EB1C6BB09400964924 /* Assets.xcassets in Resources */,
				F08802E91C6BB09400964924 /* Main.storyboard in Resources */,
			);
			runOnlyForDeploymentPostprocessing = 0;
		};
/* End PBXResourcesBuildPhase section */

/* Begin PBXSourcesBuildPhase section */
		F08802DC1C6BB09400964924 /* Sources */ = {
			isa = PBXSourcesBuildPhase;
			buildActionMask = 2147483647;
			files = (
				F08802F71C6BB13300964924 /* HappinessViewController.swift in Sources */,
				F08802E41C6BB09400964924 /* AppDelegate.swift in Sources */,
				F0D8859C1C6BB4E900B78A5B /* FaceView.swift in Sources */,
			);
			runOnlyForDeploymentPostprocessing = 0;
		};
/* End PBXSourcesBuildPhase section */

/* Begin PBXVariantGroup section */
		F08802E71C6BB09400964924 /* Main.storyboard */ = {
			isa = PBXVariantGroup;
			children = (
				F08802E81C6BB09400964924 /* Base */,
			);
			name = Main.storyboard;
			path = Happiness;
			sourceTree = "<group>";
		};
		F08802EC1C6BB09400964924 /* LaunchScreen.storyboard */ = {
			isa = PBXVariantGroup;
			children = (
				F08802ED1C6BB09400964924 /* Base */,
			);
			name = LaunchScreen.storyboard;
			sourceTree = "<group>";
		};
/* End PBXVariantGroup section */

/* Begin XCBuildConfiguration section */
		F08802F01C6BB09400964924 /* Debug */ = {
			isa = XCBuildConfiguration;
			buildSettings = {
				ALWAYS_SEARCH_USER_PATHS = NO;
				CLANG_CXX_LANGUAGE_STANDARD = "gnu++0x";
				CLANG_CXX_LIBRARY = "libc++";
				CLANG_ENABLE_MODULES = YES;
				CLANG_ENABLE_OBJC_ARC = YES;
				CLANG_WARN_BLOCK_CAPTURE_AUTORELEASING = YES;
				CLANG_WARN_BOOL_CONVERSION = YES;
				CLANG_WARN_COMMA = YES;
				CLANG_WARN_CONSTANT_CONVERSION = YES;
				CLANG_WARN_DIRECT_OBJC_ISA_USAGE = YES_ERROR;
				CLANG_WARN_EMPTY_BODY = YES;
				CLANG_WARN_ENUM_CONVERSION = YES;
				CLANG_WARN_INFINITE_RECURSION = YES;
				CLANG_WARN_INT_CONVERSION = YES;
				CLANG_WARN_NON_LITERAL_NULL_CONVERSION = YES;
				CLANG_WARN_OBJC_LITERAL_CONVERSION = YES;
				CLANG_WARN_OBJC_ROOT_CLASS = YES_ERROR;
				CLANG_WARN_RANGE_LOOP_ANALYSIS = YES;
				CLANG_WARN_STRICT_PROTOTYPES = YES;
				CLANG_WARN_SUSPICIOUS_MOVE = YES;
				CLANG_WARN_UNREACHABLE_CODE = YES;
				CLANG_WARN__DUPLICATE_METHOD_MATCH = YES;
				"CODE_SIGN_IDENTITY[sdk=iphoneos*]" = "iPhone Developer";
				COPY_PHASE_STRIP = NO;
				DEBUG_INFORMATION_FORMAT = dwarf;
				ENABLE_STRICT_OBJC_MSGSEND = YES;
				ENABLE_TESTABILITY = YES;
				GCC_C_LANGUAGE_STANDARD = gnu99;
				GCC_DYNAMIC_NO_PIC = NO;
				GCC_NO_COMMON_BLOCKS = YES;
				GCC_OPTIMIZATION_LEVEL = 0;
				GCC_PREPROCESSOR_DEFINITIONS = (
					"DEBUG=1",
					"$(inherited)",
				);
				GCC_WARN_64_TO_32_BIT_CONVERSION = YES;
				GCC_WARN_ABOUT_RETURN_TYPE = YES_ERROR;
				GCC_WARN_UNDECLARED_SELECTOR = YES;
				GCC_WARN_UNINITIALIZED_AUTOS = YES_AGGRESSIVE;
				GCC_WARN_UNUSED_FUNCTION = YES;
				GCC_WARN_UNUSED_VARIABLE = YES;
				IPHONEOS_DEPLOYMENT_TARGET = 9.2;
				MTL_ENABLE_DEBUG_INFO = YES;
				ONLY_ACTIVE_ARCH = YES;
				SDKROOT = iphoneos;
				SWIFT_OPTIMIZATION_LEVEL = "-Onone";
				TARGETED_DEVICE_FAMILY = "1,2";
			};
			name = Debug;
		};
		F08802F11C6BB09400964924 /* Release */ = {
			isa = XCBuildConfiguration;
			buildSettings = {
				ALWAYS_SEARCH_USER_PATHS = NO;
				CLANG_CXX_LANGUAGE_STANDARD = "gnu++0x";
				CLANG_CXX_LIBRARY = "libc++";
				CLANG_ENABLE_MODULES = YES;
				CLANG_ENABLE_OBJC_ARC = YES;
				CLANG_WARN_BLOCK_CAPTURE_AUTORELEASING = YES;
				CLANG_WARN_BOOL_CONVERSION = YES;
				CLANG_WARN_COMMA = YES;
				CLANG_WARN_CONSTANT_CONVERSION = YES;
				CLANG_WARN_DIRECT_OBJC_ISA_USAGE = YES_ERROR;
				CLANG_WARN_EMPTY_BODY = YES;
				CLANG_WARN_ENUM_CONVERSION = YES;
				CLANG_WARN_INFINITE_RECURSION = YES;
				CLANG_WARN_INT_CONVERSION = YES;
				CLANG_WARN_NON_LITERAL_NULL_CONVERSION = YES;
				CLANG_WARN_OBJC_LITERAL_CONVERSION = YES;
				CLANG_WARN_OBJC_ROOT_CLASS = YES_ERROR;
				CLANG_WARN_RANGE_LOOP_ANALYSIS = YES;
				CLANG_WARN_STRICT_PROTOTYPES = YES;
				CLANG_WARN_SUSPICIOUS_MOVE = YES;
				CLANG_WARN_UNREACHABLE_CODE = YES;
				CLANG_WARN__DUPLICATE_METHOD_MATCH = YES;
				"CODE_SIGN_IDENTITY[sdk=iphoneos*]" = "iPhone Developer";
				COPY_PHASE_STRIP = NO;
				DEBUG_INFORMATION_FORMAT = "dwarf-with-dsym";
				ENABLE_NS_ASSERTIONS = NO;
				ENABLE_STRICT_OBJC_MSGSEND = YES;
				GCC_C_LANGUAGE_STANDARD = gnu99;
				GCC_NO_COMMON_BLOCKS = YES;
				GCC_WARN_64_TO_32_BIT_CONVERSION = YES;
				GCC_WARN_ABOUT_RETURN_TYPE = YES_ERROR;
				GCC_WARN_UNDECLARED_SELECTOR = YES;
				GCC_WARN_UNINITIALIZED_AUTOS = YES_AGGRESSIVE;
				GCC_WARN_UNUSED_FUNCTION = YES;
				GCC_WARN_UNUSED_VARIABLE = YES;
				IPHONEOS_DEPLOYMENT_TARGET = 9.2;
				MTL_ENABLE_DEBUG_INFO = NO;
				SDKROOT = iphoneos;
				SWIFT_OPTIMIZATION_LEVEL = "-Owholemodule";
				TARGETED_DEVICE_FAMILY = "1,2";
				VALIDATE_PRODUCT = YES;
			};
			name = Release;
		};
		F08802F31C6BB09400964924 /* Debug */ = {
			isa = XCBuildConfiguration;
			buildSettings = {
				ASSETCATALOG_COMPILER_APPICON_NAME = AppIcon;
				DEVELOPMENT_TEAM = 9A65EREMC5;
				INFOPLIST_FILE = Happiness/Info.plist;
				LD_RUNPATH_SEARCH_PATHS = "$(inherited) @executable_path/Frameworks";
				PRODUCT_BUNDLE_IDENTIFIER = AndreaKelleyRumley.Happiness;
				PRODUCT_NAME = "$(TARGET_NAME)";
				SWIFT_VERSION = 4.0;
			};
			name = Debug;
		};
		F08802F41C6BB09400964924 /* Release */ = {
			isa = XCBuildConfiguration;
			buildSettings = {
				ASSETCATALOG_COMPILER_APPICON_NAME = AppIcon;
				DEVELOPMENT_TEAM = 9A65EREMC5;
				INFOPLIST_FILE = Happiness/Info.plist;
				LD_RUNPATH_SEARCH_PATHS = "$(inherited) @executable_path/Frameworks";
				PRODUCT_BUNDLE_IDENTIFIER = AndreaKelleyRumley.Happiness;
				PRODUCT_NAME = "$(TARGET_NAME)";
				SWIFT_VERSION = 4.0;
			};
			name = Release;
		};
/* End XCBuildConfiguration section */

/* Begin XCConfigurationList section */
		F08802DB1C6BB09400964924 /* Build configuration list for PBXProject "Happiness" */ = {
			isa = XCConfigurationList;
			buildConfigurations = (
				F08802F01C6BB09400964924 /* Debug */,
				F08802F11C6BB09400964924 /* Release */,
			);
			defaultConfigurationIsVisible = 0;
			defaultConfigurationName = Release;
		};
		F08802F21C6BB09400964924 /* Build configuration list for PBXNativeTarget "Happiness" */ = {
			isa = XCConfigurationList;
			buildConfigurations = (
				F08802F31C6BB09400964924 /* Debug */,
				F08802F41C6BB09400964924 /* Release */,
			);
			defaultConfigurationIsVisible = 0;
			defaultConfigurationName = Release;
		};
/* End XCConfigurationList section */
	};
	rootObject = F08802D81C6BB09400964924 /* Project object */;
}
